
Microsoft Visual Studio Solution File, Format Version 12.00
# Visual Studio Version 17
VisualStudioVersion = 17.14.37216.2 d17.14
MinimumVisualStudioVersion = 10.0.40219.1
Project("{FAE04EC0-301F-11D3-BF4B-00C04F79EFBC}") = "ProductCrud", "ProductCrud.csproj", "{9DDF7B25-BE52-42C7-817C-39709FE34895}"
EndProject
Global
	GlobalSection(SolutionConfigurationPlatforms) = preSolution
		Debug|Any CPU = Debug|Any CPU
		Release|Any CPU = Release|Any CPU
	EndGlobalSection
	GlobalSection(ProjectConfigurationPlatforms) = postSolution
		{9DDF7B25-BE52-42C7-817C-39709FE34895}.Debug|Any CPU.ActiveCfg = Debug|Any CPU
		{9DDF7B25-BE52-42C7-817C-39709FE34895}.Debug|Any CPU.Build.0 = Debug|Any CPU
		{9DDF7B25-BE52-42C7-817C-39709FE34895}.Release|Any CPU.ActiveCfg = Release|Any CPU
		{9DDF7B25-BE52-42C7-817C-39709FE34895}.Release|Any CPU.Build.0 = Release|Any CPU
	EndGlobalSection
	GlobalSection(SolutionProperties) = preSolution
		HideSolutionNode = FALSE
	EndGlobalSection
	GlobalSection(ExtensibilityGlobals) = postSolution
		SolutionGuid = {F25FED73-840F-44D9-A772-F0D870939629}
	EndGlobalSection
EndGlobal
